// !$*UTF8*$!
{
	archiveVersion = 1;
	classes = {
	};
	objectVersion = 56;
	objects = {

/* Begin PBXBuildFile section */
		8112AE902CCCF93B00E71547 /* AppDelegate.swift in Sources */ = {isa = PBXBuildFile; fileRef = 8112AE8F2CCCF93B00E71547 /* AppDelegate.swift */; };
		8112AE922CCCF93B00E71547 /* SceneDelegate.swift in Sources */ = {isa = PBXBuildFile; fileRef = 8112AE912CCCF93B00E71547 /* SceneDelegate.swift */; };
		8112AE942CCCF93B00E71547 /* ViewController.swift in Sources */ = {isa = PBXBuildFile; fileRef = 8112AE932CCCF93B00E71547 /* ViewController.swift */; };
		8112AE972CCCF93B00E71547 /* Base in Resources */ = {isa = PBXBuildFile; fileRef = 8112AE962CCCF93B00E71547 /* Base */; };
		8112AE992CCCF93C00E71547 /* Assets.xcassets in Resources */ = {isa = PBXBuildFile; fileRef = 8112AE982CCCF93C00E71547 /* Assets.xcassets */; };
		8112AE9C2CCCF93C00E71547 /* Base in Resources */ = {isa = PBXBuildFile; fileRef = 8112AE9B2CCCF93C00E71547 /* Base */; };
		81A762AA2CD75AD000971E1E /* BaseViewController.swift in Sources */ = {isa = PBXBuildFile; fileRef = 81A762A92CD75AD000971E1E /* BaseViewController.swift */; };
		81A762AD2CD75B8A00971E1E /* NVActivityIndicatorView in Frameworks */ = {isa = PBXBuildFile; productRef = 81A762AC2CD75B8A00971E1E /* NVActivityIndicatorView */; };
		81A762AF2CD75B8A00971E1E /* NVActivityIndicatorViewExtended in Frameworks */ = {isa = PBXBuildFile; productRef = 81A762AE2CD75B8A00971E1E /* NVActivityIndicatorViewExtended */; };
		81D836E12CD1433300A90CB8 /* HomeView.swift in Sources */ = {isa = PBXBuildFile; fileRef = 81D836E02CD1433300A90CB8 /* HomeView.swift */; };
		81D836E32CD1433F00A90CB8 /* LikesView.swift in Sources */ = {isa = PBXBuildFile; fileRef = 81D836E22CD1433F00A90CB8 /* LikesView.swift */; };
		81D836E52CD1434900A90CB8 /* ProfileView.swift in Sources */ = {isa = PBXBuildFile; fileRef = 81D836E42CD1434900A90CB8 /* ProfileView.swift */; };
		81D836E72CD1435300A90CB8 /* CardView.swift in Sources */ = {isa = PBXBuildFile; fileRef = 81D836E62CD1435300A90CB8 /* CardView.swift */; };
		81D836E92CD14FE700A90CB8 /* HomeCollectionCell.swift in Sources */ = {isa = PBXBuildFile; fileRef = 81D836E82CD14FE700A90CB8 /* HomeCollectionCell.swift */; };
		81D836EC2CD22EA800A90CB8 /* Alamofire in Frameworks */ = {isa = PBXBuildFile; productRef = 81D836EB2CD22EA800A90CB8 /* Alamofire */; };
		81D836F22CD22FA000A90CB8 /* APIManager.swift in Sources */ = {isa = PBXBuildFile; fileRef = 81D836F12CD22FA000A90CB8 /* APIManager.swift */; };
		81D836F52CD22FCC00A90CB8 /* Constants.swift in Sources */ = {isa = PBXBuildFile; fileRef = 81D836F42CD22FCC00A90CB8 /* Constants.swift */; };
		81D836F92CD230D100A90CB8 /* Product.swift in Sources */ = {isa = PBXBuildFile; fileRef = 81D836F82CD230D100A90CB8 /* Product.swift */; };
		81D836FC2CD2316700A90CB8 /* ProductManager.swift in Sources */ = {isa = PBXBuildFile; fileRef = 81D836FB2CD2316700A90CB8 /* ProductManager.swift */; };
		81D836FE2CD2317200A90CB8 /* ProductEndpoint.swift in Sources */ = {isa = PBXBuildFile; fileRef = 81D836FD2CD2317200A90CB8 /* ProductEndpoint.swift */; };
		81D837042CD244F600A90CB8 /* ProductViewModel.swift in Sources */ = {isa = PBXBuildFile; fileRef = 81D837032CD244F600A90CB8 /* ProductViewModel.swift */; };
		81D837072CD24BC000A90CB8 /* Kingfisher in Frameworks */ = {isa = PBXBuildFile; productRef = 81D837062CD24BC000A90CB8 /* Kingfisher */; };
		81D8370A2CD3891B00A90CB8 /* CardTableViewCell.swift in Sources */ = {isa = PBXBuildFile; fileRef = 81D837092CD3891B00A90CB8 /* CardTableViewCell.swift */; };
/* End PBXBuildFile section */

/* Begin PBXFileReference section */
		8112AE8C2CCCF93B00E71547 /* FoodOrdering-App.app */ = {isa = PBXFileReference; explicitFileType = wrapper.application; includeInIndex = 0; path = "FoodOrdering-App.app"; sourceTree = BUILT_PRODUCTS_DIR; };
		8112AE8F2CCCF93B00E71547 /* AppDelegate.swift */ = {isa = PBXFileReference; lastKnownFileType = sourcecode.swift; path = AppDelegate.swift; sourceTree = "<group>"; };
		8112AE912CCCF93B00E71547 /* SceneDelegate.swift */ = {isa = PBXFileReference; lastKnownFileType = sourcecode.swift; path = SceneDelegate.swift; sourceTree = "<group>"; };
		8112AE932CCCF93B00E71547 /* ViewController.swift */ = {isa = PBXFileReference; lastKnownFileType = sourcecode.swift; path = ViewController.swift; sourceTree = "<group>"; };
		8112AE962CCCF93B00E71547 /* Base */ = {isa = PBXFileReference; lastKnownFileType = file.storyboard; name = Base; path = Base.lproj/Main.storyboard; sourceTree = "<group>"; };
		8112AE982CCCF93C00E71547 /* Assets.xcassets */ = {isa = PBXFileReference; lastKnownFileType = folder.assetcatalog; path = Assets.xcassets; sourceTree = "<group>"; };
		8112AE9B2CCCF93C00E71547 /* Base */ = {isa = PBXFileReference; lastKnownFileType = file.storyboard; name = Base; path = Base.lproj/LaunchScreen.storyboard; sourceTree = "<group>"; };
		8112AE9D2CCCF93C00E71547 /* Info.plist */ = {isa = PBXFileReference; lastKnownFileType = text.plist.xml; path = Info.plist; sourceTree = "<group>"; };
		81A762A92CD75AD000971E1E /* BaseViewController.swift */ = {isa = PBXFileReference; lastKnownFileType = sourcecode.swift; path = BaseViewController.swift; sourceTree = "<group>"; };
		81D836E02CD1433300A90CB8 /* HomeView.swift */ = {isa = PBXFileReference; lastKnownFileType = sourcecode.swift; path = HomeView.swift; sourceTree = "<group>"; };
		81D836E22CD1433F00A90CB8 /* LikesView.swift */ = {isa = PBXFileReference; lastKnownFileType = sourcecode.swift; path = LikesView.swift; sourceTree = "<group>"; };
		81D836E42CD1434900A90CB8 /* ProfileView.swift */ = {isa = PBXFileReference; lastKnownFileType = sourcecode.swift; path = ProfileView.swift; sourceTree = "<group>"; };
		81D836E62CD1435300A90CB8 /* CardView.swift */ = {isa = PBXFileReference; lastKnownFileType = sourcecode.swift; path = CardView.swift; sourceTree = "<group>"; };
		81D836E82CD14FE700A90CB8 /* HomeCollectionCell.swift */ = {isa = PBXFileReference; lastKnownFileType = sourcecode.swift; path = HomeCollectionCell.swift; sourceTree = "<group>"; };
		81D836F12CD22FA000A90CB8 /* APIManager.swift */ = {isa = PBXFileReference; lastKnownFileType = sourcecode.swift; path = APIManager.swift; sourceTree = "<group>"; };
		81D836F42CD22FCC00A90CB8 /* Constants.swift */ = {isa = PBXFileReference; lastKnownFileType = sourcecode.swift; path = Constants.swift; sourceTree = "<group>"; };
		81D836F82CD230D100A90CB8 /* Product.swift */ = {isa = PBXFileReference; lastKnownFileType = sourcecode.swift; path = Product.swift; sourceTree = "<group>"; };
		81D836FB2CD2316700A90CB8 /* ProductManager.swift */ = {isa = PBXFileReference; lastKnownFileType = sourcecode.swift; path = ProductManager.swift; sourceTree = "<group>"; };
		81D836FD2CD2317200A90CB8 /* ProductEndpoint.swift */ = {isa = PBXFileReference; lastKnownFileType = sourcecode.swift; path = ProductEndpoint.swift; sourceTree = "<group>"; };
		81D837032CD244F600A90CB8 /* ProductViewModel.swift */ = {isa = PBXFileReference; lastKnownFileType = sourcecode.swift; path = ProductViewModel.swift; sourceTree = "<group>"; };
		81D837092CD3891B00A90CB8 /* CardTableViewCell.swift */ = {isa = PBXFileReference; lastKnownFileType = sourcecode.swift; path = CardTableViewCell.swift; sourceTree = "<group>"; };
/* End PBXFileReference section */

/* Begin PBXFrameworksBuildPhase section */
		8112AE892CCCF93B00E71547 /* Frameworks */ = {
			isa = PBXFrameworksBuildPhase;
			buildActionMask = 2147483647;
			files = (
				81D837072CD24BC000A90CB8 /* Kingfisher in Frameworks */,
				81A762AF2CD75B8A00971E1E /* NVActivityIndicatorViewExtended in Frameworks */,
				81D836EC2CD22EA800A90CB8 /* Alamofire in Frameworks */,
				81A762AD2CD75B8A00971E1E /* NVActivityIndicatorView in Frameworks */,
			);
			runOnlyForDeploymentPostprocessing = 0;
		};
/* End PBXFrameworksBuildPhase section */

/* Begin PBXGroup section */
		8112AE832CCCF93B00E71547 = {
			isa = PBXGroup;
			children = (
				8112AE8E2CCCF93B00E71547 /* FoodOrdering-App */,
				8112AE8D2CCCF93B00E71547 /* Products */,
			);
			sourceTree = "<group>";
		};
		8112AE8D2CCCF93B00E71547 /* Products */ = {
			isa = PBXGroup;
			children = (
				8112AE8C2CCCF93B00E71547 /* FoodOrdering-App.app */,
			);
			name = Products;
			sourceTree = "<group>";
		};
		8112AE8E2CCCF93B00E71547 /* FoodOrdering-App */ = {
			isa = PBXGroup;
			children = (
				8112AE9D2CCCF93C00E71547 /* Info.plist */,
				81D836DB2CD132BF00A90CB8 /* Utilities */,
				81D836DA2CD132A200A90CB8 /* Enums */,
				81D836D92CD1320600A90CB8 /* Supporting Files */,
				8112AEA82CCCF97000E71547 /* Model */,
				8112AEA72CCCF95C00E71547 /* Helper */,
				8112AEA62CCCF95500E71547 /* Service */,
				8112AEA52CCCF94F00E71547 /* Protocol */,
				8112AEA42CCCF94900E71547 /* ViewModel */,
				8112AEA32CCCF94300E71547 /* View */,
			);
			path = "FoodOrdering-App";
			sourceTree = "<group>";
		};
		8112AEA32CCCF94300E71547 /* View */ = {
			isa = PBXGroup;
			children = (
				81A762A92CD75AD000971E1E /* BaseViewController.swift */,
				8112AE932CCCF93B00E71547 /* ViewController.swift */,
				81D836DF2CD142FC00A90CB8 /* ShoppingCard */,
				81D836DE2CD142F500A90CB8 /* Profile */,
				81D836DD2CD142EB00A90CB8 /* Like */,
				81D836DC2CD142E000A90CB8 /* Home */,
				8112AE952CCCF93B00E71547 /* Main.storyboard */,
				8112AE9A2CCCF93C00E71547 /* LaunchScreen.storyboard */,
			);
			name = View;
			sourceTree = "<group>";
		};
		8112AEA42CCCF94900E71547 /* ViewModel */ = {
			isa = PBXGroup;
			children = (
				81D837032CD244F600A90CB8 /* ProductViewModel.swift */,
			);
			path = ViewModel;
			sourceTree = "<group>";
		};
		8112AEA52CCCF94F00E71547 /* Protocol */ = {
			isa = PBXGroup;
			children = (
			);
			name = Protocol;
			sourceTree = "<group>";
		};
		8112AEA62CCCF95500E71547 /* Service */ = {
			isa = PBXGroup;
			children = (
				81D836FA2CD2315B00A90CB8 /* Product */,
				81D836EF2CD22F8300A90CB8 /* Core */,
			);
			path = Service;
			sourceTree = "<group>";
		};
		8112AEA72CCCF95C00E71547 /* Helper */ = {
			isa = PBXGroup;
			children = (
				81D836F42CD22FCC00A90CB8 /* Constants.swift */,
			);
			name = Helper;
			sourceTree = "<group>";
		};
		8112AEA82CCCF97000E71547 /* Model */ = {
			isa = PBXGroup;
			children = (
				81D836F82CD230D100A90CB8 /* Product.swift */,
			);
			path = Model;
			sourceTree = "<group>";
		};
		81D836D92CD1320600A90CB8 /* Supporting Files */ = {
			isa = PBXGroup;
			children = (
				8112AE982CCCF93C00E71547 /* Assets.xcassets */,
				8112AE912CCCF93B00E71547 /* SceneDelegate.swift */,
				8112AE8F2CCCF93B00E71547 /* AppDelegate.swift */,
			);
			path = "Supporting Files";
			sourceTree = "<group>";
		};
		81D836DA2CD132A200A90CB8 /* Enums */ = {
			isa = PBXGroup;
			children = (
			);
			path = Enums;
			sourceTree = "<group>";
		};
		81D836DB2CD132BF00A90CB8 /* Utilities */ = {
			isa = PBXGroup;
			children = (
			);
			path = Utilities;
			sourceTree = "<group>";
		};
		81D836DC2CD142E000A90CB8 /* Home */ = {
			isa = PBXGroup;
			children = (
				81D836E02CD1433300A90CB8 /* HomeView.swift */,
				81D836E82CD14FE700A90CB8 /* HomeCollectionCell.swift */,
			);
			name = Home;
			sourceTree = "<group>";
		};
		81D836DD2CD142EB00A90CB8 /* Like */ = {
			isa = PBXGroup;
			children = (
				81D836E22CD1433F00A90CB8 /* LikesView.swift */,
			);
			name = Like;
			sourceTree = "<group>";
		};
		81D836DE2CD142F500A90CB8 /* Profile */ = {
			isa = PBXGroup;
			children = (
				81D836E42CD1434900A90CB8 /* ProfileView.swift */,
			);
			name = Profile;
			sourceTree = "<group>";
		};
		81D836DF2CD142FC00A90CB8 /* ShoppingCard */ = {
			isa = PBXGroup;
			children = (
				81D836E62CD1435300A90CB8 /* CardView.swift */,
				81D837092CD3891B00A90CB8 /* CardTableViewCell.swift */,
			);
			name = ShoppingCard;
			sourceTree = "<group>";
		};
		81D836EF2CD22F8300A90CB8 /* Core */ = {
			isa = PBXGroup;
			children = (
				81D836F12CD22FA000A90CB8 /* APIManager.swift */,
			);
			path = Core;
			sourceTree = "<group>";
		};
		81D836FA2CD2315B00A90CB8 /* Product */ = {
			isa = PBXGroup;
			children = (
				81D836FB2CD2316700A90CB8 /* ProductManager.swift */,
				81D836FD2CD2317200A90CB8 /* ProductEndpoint.swift */,
			);
			path = Product;
			sourceTree = "<group>";
		};
/* End PBXGroup section */

/* Begin PBXNativeTarget section */
		8112AE8B2CCCF93B00E71547 /* FoodOrdering-App */ = {
			isa = PBXNativeTarget;
			buildConfigurationList = 8112AEA02CCCF93C00E71547 /* Build configuration list for PBXNativeTarget "FoodOrdering-App" */;
			buildPhases = (
				8112AE882CCCF93B00E71547 /* Sources */,
				8112AE892CCCF93B00E71547 /* Frameworks */,
				8112AE8A2CCCF93B00E71547 /* Resources */,
			);
			buildRules = (
			);
			dependencies = (
			);
			name = "FoodOrdering-App";
			packageProductDependencies = (
				81D836EB2CD22EA800A90CB8 /* Alamofire */,
				81D837062CD24BC000A90CB8 /* Kingfisher */,
				81A762AC2CD75B8A00971E1E /* NVActivityIndicatorView */,
				81A762AE2CD75B8A00971E1E /* NVActivityIndicatorViewExtended */,
			);
			productName = "FoodOrdering-App";
			productReference = 8112AE8C2CCCF93B00E71547 /* FoodOrdering-App.app */;
			productType = "com.apple.product-type.application";
		};
/* End PBXNativeTarget section */

/* Begin PBXProject section */
		8112AE842CCCF93B00E71547 /* Project object */ = {
			isa = PBXProject;
			attributes = {
				BuildIndependentTargetsInParallel = 1;
				LastSwiftUpdateCheck = 1540;
				LastUpgradeCheck = 1540;
				TargetAttributes = {
					8112AE8B2CCCF93B00E71547 = {
						CreatedOnToolsVersion = 15.4;
					};
				};
			};
			buildConfigurationList = 8112AE872CCCF93B00E71547 /* Build configuration list for PBXProject "FoodOrdering-App" */;
			compatibilityVersion = "Xcode 14.0";
			developmentRegion = en;
			hasScannedForEncodings = 0;
			knownRegions = (
				en,
				Base,
			);
			mainGroup = 8112AE832CCCF93B00E71547;
			packageReferences = (
				81D836EA2CD22EA800A90CB8 /* XCRemoteSwiftPackageReference "Alamofire" */,
				81D837052CD24BC000A90CB8 /* XCRemoteSwiftPackageReference "Kingfisher" */,
				81A762AB2CD75B8A00971E1E /* XCRemoteSwiftPackageReference "NVActivityIndicatorView" */,
			);
			productRefGroup = 8112AE8D2CCCF93B00E71547 /* Products */;
			projectDirPath = "";
			projectRoot = "";
			targets = (
				8112AE8B2CCCF93B00E71547 /* FoodOrdering-App */,
			);
		};
/* End PBXProject section */

/* Begin PBXResourcesBuildPhase section */
		8112AE8A2CCCF93B00E71547 /* Resources */ = {
			isa = PBXResourcesBuildPhase;
			buildActionMask = 2147483647;
			files = (
				8112AE992CCCF93C00E71547 /* Assets.xcassets in Resources */,
				8112AE9C2CCCF93C00E71547 /* Base in Resources */,
				8112AE972CCCF93B00E71547 /* Base in Resources */,
			);
			runOnlyForDeploymentPostprocessing = 0;
		};
/* End PBXResourcesBuildPhase section */

/* Begin PBXSourcesBuildPhase section */
		8112AE882CCCF93B00E71547 /* Sources */ = {
			isa = PBXSourcesBuildPhase;
			buildActionMask = 2147483647;
			files = (
				81D837042CD244F600A90CB8 /* ProductViewModel.swift in Sources */,
				81D836FE2CD2317200A90CB8 /* ProductEndpoint.swift in Sources */,
				81D836E92CD14FE700A90CB8 /* HomeCollectionCell.swift in Sources */,
				81D836E72CD1435300A90CB8 /* CardView.swift in Sources */,
				8112AE942CCCF93B00E71547 /* ViewController.swift in Sources */,
				81D836F22CD22FA000A90CB8 /* APIManager.swift in Sources */,
				81D8370A2CD3891B00A90CB8 /* CardTableViewCell.swift in Sources */,
				81D836E12CD1433300A90CB8 /* HomeView.swift in Sources */,
				81D836F92CD230D100A90CB8 /* Product.swift in Sources */,
				81D836F52CD22FCC00A90CB8 /* Constants.swift in Sources */,
				81D836FC2CD2316700A90CB8 /* ProductManager.swift in Sources */,
				8112AE902CCCF93B00E71547 /* AppDelegate.swift in Sources */,
				8112AE922CCCF93B00E71547 /* SceneDelegate.swift in Sources */,
				81A762AA2CD75AD000971E1E /* BaseViewController.swift in Sources */,
				81D836E52CD1434900A90CB8 /* ProfileView.swift in Sources */,
				81D836E32CD1433F00A90CB8 /* LikesView.swift in Sources */,
			);
			runOnlyForDeploymentPostprocessing = 0;
		};
/* End PBXSourcesBuildPhase section */

/* Begin PBXVariantGroup section */
		8112AE952CCCF93B00E71547 /* Main.storyboard */ = {
			isa = PBXVariantGroup;
			children = (
				8112AE962CCCF93B00E71547 /* Base */,
			);
			name = Main.storyboard;
			sourceTree = "<group>";
		};
		8112AE9A2CCCF93C00E71547 /* LaunchScreen.storyboard */ = {
			isa = PBXVariantGroup;
			children = (
				8112AE9B2CCCF93C00E71547 /* Base */,
			);
			name = LaunchScreen.storyboard;
			sourceTree = "<group>";
		};
/* End PBXVariantGroup section */

/* Begin XCBuildConfiguration section */
		8112AE9E2CCCF93C00E71547 /* Debug */ = {
			isa = XCBuildConfiguration;
			buildSettings = {
				ALWAYS_SEARCH_USER_PATHS = NO;
				ASSETCATALOG_COMPILER_GENERATE_SWIFT_ASSET_SYMBOL_EXTENSIONS = YES;
				CLANG_ANALYZER_NONNULL = YES;
				CLANG_ANALYZER_NUMBER_OBJECT_CONVERSION = YES_AGGRESSIVE;
				CLANG_CXX_LANGUAGE_STANDARD = "gnu++20";
				CLANG_ENABLE_MODULES = YES;
				CLANG_ENABLE_OBJC_ARC = YES;
				CLANG_ENABLE_OBJC_WEAK = YES;
				CLANG_WARN_BLOCK_CAPTURE_AUTORELEASING = YES;
				CLANG_WARN_BOOL_CONVERSION = YES;
				CLANG_WARN_COMMA = YES;
				CLANG_WARN_CONSTANT_CONVERSION = YES;
				CLANG_WARN_DEPRECATED_OBJC_IMPLEMENTATIONS = YES;
				CLANG_WARN_DIRECT_OBJC_ISA_USAGE = YES_ERROR;
				CLANG_WARN_DOCUMENTATION_COMMENTS = YES;
				CLANG_WARN_EMPTY_BODY = YES;
				CLANG_WARN_ENUM_CONVERSION = YES;
				CLANG_WARN_INFINITE_RECURSION = YES;
				CLANG_WARN_INT_CONVERSION = YES;
				CLANG_WARN_NON_LITERAL_NULL_CONVERSION = YES;
				CLANG_WARN_OBJC_IMPLICIT_RETAIN_SELF = YES;
				CLANG_WARN_OBJC_LITERAL_CONVERSION = YES;
				CLANG_WARN_OBJC_ROOT_CLASS = YES_ERROR;
				CLANG_WARN_QUOTED_INCLUDE_IN_FRAMEWORK_HEADER = YES;
				CLANG_WARN_RANGE_LOOP_ANALYSIS = YES;
				CLANG_WARN_STRICT_PROTOTYPES = YES;
				CLANG_WARN_SUSPICIOUS_MOVE = YES;
				CLANG_WARN_UNGUARDED_AVAILABILITY = YES_AGGRESSIVE;
				CLANG_WARN_UNREACHABLE_CODE = YES;
				CLANG_WARN__DUPLICATE_METHOD_MATCH = YES;
				COPY_PHASE_STRIP = NO;
				DEBUG_INFORMATION_FORMAT = dwarf;
				ENABLE_STRICT_OBJC_MSGSEND = YES;
				ENABLE_TESTABILITY = YES;
				ENABLE_USER_SCRIPT_SANDBOXING = YES;
				GCC_C_LANGUAGE_STANDARD = gnu17;
				GCC_DYNAMIC_NO_PIC = NO;
				GCC_NO_COMMON_BLOCKS = YES;
				GCC_OPTIMIZATION_LEVEL = 0;
				GCC_PREPROCESSOR_DEFINITIONS = (
					"DEBUG=1",
					"$(inherited)",
				);
				GCC_WARN_64_TO_32_BIT_CONVERSION = YES;
				GCC_WARN_ABOUT_RETURN_TYPE = YES_ERROR;
				GCC_WARN_UNDECLARED_SELECTOR = YES;
				GCC_WARN_UNINITIALIZED_AUTOS = YES_AGGRESSIVE;
				GCC_WARN_UNUSED_FUNCTION = YES;
				GCC_WARN_UNUSED_VARIABLE = YES;
				IPHONEOS_DEPLOYMENT_TARGET = 17.5;
				LOCALIZATION_PREFERS_STRING_CATALOGS = YES;
				MTL_ENABLE_DEBUG_INFO = INCLUDE_SOURCE;
				MTL_FAST_MATH = YES;
				ONLY_ACTIVE_ARCH = YES;
				SDKROOT = iphoneos;
				SWIFT_ACTIVE_COMPILATION_CONDITIONS = "DEBUG $(inherited)";
				SWIFT_OPTIMIZATION_LEVEL = "-Onone";
			};
			name = Debug;
		};
		8112AE9F2CCCF93C00E71547 /* Release */ = {
			isa = XCBuildConfiguration;
			buildSettings = {
				ALWAYS_SEARCH_USER_PATHS = NO;
				ASSETCATALOG_COMPILER_GENERATE_SWIFT_ASSET_SYMBOL_EXTENSIONS = YES;
				CLANG_ANALYZER_NONNULL = YES;
				CLANG_ANALYZER_NUMBER_OBJECT_CONVERSION = YES_AGGRESSIVE;
				CLANG_CXX_LANGUAGE_STANDARD = "gnu++20";
				CLANG_ENABLE_MODULES = YES;
				CLANG_ENABLE_OBJC_ARC = YES;
				CLANG_ENABLE_OBJC_WEAK = YES;
				CLANG_WARN_BLOCK_CAPTURE_AUTORELEASING = YES;
				CLANG_WARN_BOOL_CONVERSION = YES;
				CLANG_WARN_COMMA = YES;
				CLANG_WARN_CONSTANT_CONVERSION = YES;
				CLANG_WARN_DEPRECATED_OBJC_IMPLEMENTATIONS = YES;
				CLANG_WARN_DIRECT_OBJC_ISA_USAGE = YES_ERROR;
				CLANG_WARN_DOCUMENTATION_COMMENTS = YES;
				CLANG_WARN_EMPTY_BODY = YES;
				CLANG_WARN_ENUM_CONVERSION = YES;
				CLANG_WARN_INFINITE_RECURSION = YES;
				CLANG_WARN_INT_CONVERSION = YES;
				CLANG_WARN_NON_LITERAL_NULL_CONVERSION = YES;
				CLANG_WARN_OBJC_IMPLICIT_RETAIN_SELF = YES;
				CLANG_WARN_OBJC_LITERAL_CONVERSION = YES;
				CLANG_WARN_OBJC_ROOT_CLASS = YES_ERROR;
				CLANG_WARN_QUOTED_INCLUDE_IN_FRAMEWORK_HEADER = YES;
				CLANG_WARN_RANGE_LOOP_ANALYSIS = YES;
				CLANG_WARN_STRICT_PROTOTYPES = YES;
				CLANG_WARN_SUSPICIOUS_MOVE = YES;
				CLANG_WARN_UNGUARDED_AVAILABILITY = YES_AGGRESSIVE;
				CLANG_WARN_UNREACHABLE_CODE = YES;
				CLANG_WARN__DUPLICATE_METHOD_MATCH = YES;
				COPY_PHASE_STRIP = NO;
				DEBUG_INFORMATION_FORMAT = "dwarf-with-dsym";
				ENABLE_NS_ASSERTIONS = NO;
				ENABLE_STRICT_OBJC_MSGSEND = YES;
				ENABLE_USER_SCRIPT_SANDBOXING = YES;
				GCC_C_LANGUAGE_STANDARD = gnu17;
				GCC_NO_COMMON_BLOCKS = YES;
				GCC_WARN_64_TO_32_BIT_CONVERSION = YES;
				GCC_WARN_ABOUT_RETURN_TYPE = YES_ERROR;
				GCC_WARN_UNDECLARED_SELECTOR = YES;
				GCC_WARN_UNINITIALIZED_AUTOS = YES_AGGRESSIVE;
				GCC_WARN_UNUSED_FUNCTION = YES;
				GCC_WARN_UNUSED_VARIABLE = YES;
				IPHONEOS_DEPLOYMENT_TARGET = 17.5;
				LOCALIZATION_PREFERS_STRING_CATALOGS = YES;
				MTL_ENABLE_DEBUG_INFO = NO;
				MTL_FAST_MATH = YES;
				SDKROOT = iphoneos;
				SWIFT_COMPILATION_MODE = wholemodule;
				VALIDATE_PRODUCT = YES;
			};
			name = Release;
		};
		8112AEA12CCCF93C00E71547 /* Debug */ = {
			isa = XCBuildConfiguration;
			buildSettings = {
				ASSETCATALOG_COMPILER_APPICON_NAME = AppIcon;
				ASSETCATALOG_COMPILER_GLOBAL_ACCENT_COLOR_NAME = AccentColor;
				CODE_SIGN_STYLE = Automatic;
				CURRENT_PROJECT_VERSION = 1;
				GENERATE_INFOPLIST_FILE = YES;
				INFOPLIST_FILE = "FoodOrdering-App/Info.plist";
				INFOPLIST_KEY_UIApplicationSupportsIndirectInputEvents = YES;
				INFOPLIST_KEY_UILaunchStoryboardName = LaunchScreen;
				INFOPLIST_KEY_UIMainStoryboardFile = Main;
				INFOPLIST_KEY_UISupportedInterfaceOrientations_iPad = "UIInterfaceOrientationPortrait UIInterfaceOrientationPortraitUpsideDown UIInterfaceOrientationLandscapeLeft UIInterfaceOrientationLandscapeRight";
				INFOPLIST_KEY_UISupportedInterfaceOrientations_iPhone = "UIInterfaceOrientationPortrait UIInterfaceOrientationLandscapeLeft UIInterfaceOrientationLandscapeRight";
				LD_RUNPATH_SEARCH_PATHS = (
					"$(inherited)",
					"@executable_path/Frameworks",
				);
				MARKETING_VERSION = 1.0;
				PRODUCT_BUNDLE_IDENTIFIER = "com.nsharifova.FoodOrdering-App";
				PRODUCT_NAME = "$(TARGET_NAME)";
				SWIFT_EMIT_LOC_STRINGS = YES;
				SWIFT_VERSION = 5.0;
				TARGETED_DEVICE_FAMILY = "1,2";
			};
			name = Debug;
		};
		8112AEA22CCCF93C00E71547 /* Release */ = {
			isa = XCBuildConfiguration;
			buildSettings = {
				ASSETCATALOG_COMPILER_APPICON_NAME = AppIcon;
				ASSETCATALOG_COMPILER_GLOBAL_ACCENT_COLOR_NAME = AccentColor;
				CODE_SIGN_STYLE = Automatic;
				CURRENT_PROJECT_VERSION = 1;
				GENERATE_INFOPLIST_FILE = YES;
				INFOPLIST_FILE = "FoodOrdering-App/Info.plist";
				INFOPLIST_KEY_UIApplicationSupportsIndirectInputEvents = YES;
				INFOPLIST_KEY_UILaunchStoryboardName = LaunchScreen;
				INFOPLIST_KEY_UIMainStoryboardFile = Main;
				INFOPLIST_KEY_UISupportedInterfaceOrientations_iPad = "UIInterfaceOrientationPortrait UIInterfaceOrientationPortraitUpsideDown UIInterfaceOrientationLandscapeLeft UIInterfaceOrientationLandscapeRight";
				INFOPLIST_KEY_UISupportedInterfaceOrientations_iPhone = "UIInterfaceOrientationPortrait UIInterfaceOrientationLandscapeLeft UIInterfaceOrientationLandscapeRight";
				LD_RUNPATH_SEARCH_PATHS = (
					"$(inherited)",
					"@executable_path/Frameworks",
				);
				MARKETING_VERSION = 1.0;
				PRODUCT_BUNDLE_IDENTIFIER = "com.nsharifova.FoodOrdering-App";
				PRODUCT_NAME = "$(TARGET_NAME)";
				SWIFT_EMIT_LOC_STRINGS = YES;
				SWIFT_VERSION = 5.0;
				TARGETED_DEVICE_FAMILY = "1,2";
			};
			name = Release;
		};
/* End XCBuildConfiguration section */

/* Begin XCConfigurationList section */
		8112AE872CCCF93B00E71547 /* Build configuration list for PBXProject "FoodOrdering-App" */ = {
			isa = XCConfigurationList;
			buildConfigurations = (
				8112AE9E2CCCF93C00E71547 /* Debug */,
				8112AE9F2CCCF93C00E71547 /* Release */,
			);
			defaultConfigurationIsVisible = 0;
			defaultConfigurationName = Release;
		};
		8112AEA02CCCF93C00E71547 /* Build configuration list for PBXNativeTarget "FoodOrdering-App" */ = {
			isa = XCConfigurationList;
			buildConfigurations = (
				8112AEA12CCCF93C00E71547 /* Debug */,
				8112AEA22CCCF93C00E71547 /* Release */,
			);
			defaultConfigurationIsVisible = 0;
			defaultConfigurationName = Release;
		};
/* End XCConfigurationList section */

/* Begin XCRemoteSwiftPackageReference section */
		81A762AB2CD75B8A00971E1E /* XCRemoteSwiftPackageReference "NVActivityIndicatorView" */ = {
			isa = XCRemoteSwiftPackageReference;
			repositoryURL = "https://github.com/ninjaprox/NVActivityIndicatorView";
			requirement = {
				kind = upToNextMajorVersion;
				minimumVersion = 5.2.0;
			};
		};
		81D836EA2CD22EA800A90CB8 /* XCRemoteSwiftPackageReference "Alamofire" */ = {
			isa = XCRemoteSwiftPackageReference;
			repositoryURL = "https://github.com/Alamofire/Alamofire.git";
			requirement = {
				kind = upToNextMajorVersion;
				minimumVersion = 5.10.1;
			};
		};
		81D837052CD24BC000A90CB8 /* XCRemoteSwiftPackageReference "Kingfisher" */ = {
			isa = XCRemoteSwiftPackageReference;
			repositoryURL = "https://github.com/onevcat/Kingfisher";
			requirement = {
				kind = upToNextMajorVersion;
				minimumVersion = 8.1.0;
			};
		};
/* End XCRemoteSwiftPackageReference section */

/* Begin XCSwiftPackageProductDependency section */
		81A762AC2CD75B8A00971E1E /* NVActivityIndicatorView */ = {
			isa = XCSwiftPackageProductDependency;
			package = 81A762AB2CD75B8A00971E1E /* XCRemoteSwiftPackageReference "NVActivityIndicatorView" */;
			productName = NVActivityIndicatorView;
		};
		81A762AE2CD75B8A00971E1E /* NVActivityIndicatorViewExtended */ = {
			isa = XCSwiftPackageProductDependency;
			package = 81A762AB2CD75B8A00971E1E /* XCRemoteSwiftPackageReference "NVActivityIndicatorView" */;
			productName = NVActivityIndicatorViewExtended;
		};
		81D836EB2CD22EA800A90CB8 /* Alamofire */ = {
			isa = XCSwiftPackageProductDependency;
			package = 81D836EA2CD22EA800A90CB8 /* XCRemoteSwiftPackageReference "Alamofire" */;
			productName = Alamofire;
		};
		81D837062CD24BC000A90CB8 /* Kingfisher */ = {
			isa = XCSwiftPackageProductDependency;
			package = 81D837052CD24BC000A90CB8 /* XCRemoteSwiftPackageReference "Kingfisher" */;
			productName = Kingfisher;
		};
/* End XCSwiftPackageProductDependency section */
	};
	rootObject = 8112AE842CCCF93B00E71547 /* Project object */;
}
